// !$*UTF8*$!
{
	archiveVersion = 1;
	classes = {
	};
	objectVersion = 46;
	objects = {

/* Begin PBXBuildFile section */
		CFE1658A1B393B30006CEAE6 /* AppDelegate.swift in Sources */ = {isa = PBXBuildFile; fileRef = CFE165891B393B30006CEAE6 /* AppDelegate.swift */; };
		CFE1658C1B393B30006CEAE6 /* MainViewController.swift in Sources */ = {isa = PBXBuildFile; fileRef = CFE1658B1B393B30006CEAE6 /* MainViewController.swift */; };
		CFE1658F1B393B30006CEAE6 /* Main.storyboard in Resources */ = {isa = PBXBuildFile; fileRef = CFE1658D1B393B30006CEAE6 /* Main.storyboard */; };
		CFE165911B393B30006CEAE6 /* Images.xcassets in Resources */ = {isa = PBXBuildFile; fileRef = CFE165901B393B30006CEAE6 /* Images.xcassets */; };
		CFE165941B393B30006CEAE6 /* LaunchScreen.xib in Resources */ = {isa = PBXBuildFile; fileRef = CFE165921B393B30006CEAE6 /* LaunchScreen.xib */; };
		CFE165A01B393B30006CEAE6 /* AnimationTransitionTests.swift in Sources */ = {isa = PBXBuildFile; fileRef = CFE1659F1B393B30006CEAE6 /* AnimationTransitionTests.swift */; };
/* End PBXBuildFile section */

/* Begin PBXContainerItemProxy section */
		CFE1659A1B393B30006CEAE6 /* PBXContainerItemProxy */ = {
			isa = PBXContainerItemProxy;
			containerPortal = CFE1657C1B393B30006CEAE6 /* Project object */;
			proxyType = 1;
			remoteGlobalIDString = CFE165831B393B30006CEAE6;
			remoteInfo = AnimationTransition;
		};
/* End PBXContainerItemProxy section */

/* Begin PBXFileReference section */
		CFE165841B393B30006CEAE6 /* AnimationTransition.app */ = {isa = PBXFileReference; explicitFileType = wrapper.application; includeInIndex = 0; path = AnimationTransition.app; sourceTree = BUILT_PRODUCTS_DIR; };
		CFE165881B393B30006CEAE6 /* Info.plist */ = {isa = PBXFileReference; lastKnownFileType = text.plist.xml; path = Info.plist; sourceTree = "<group>"; };
		CFE165891B393B30006CEAE6 /* AppDelegate.swift */ = {isa = PBXFileReference; lastKnownFileType = sourcecode.swift; path = AppDelegate.swift; sourceTree = "<group>"; };
		CFE1658B1B393B30006CEAE6 /* MainViewController.swift */ = {isa = PBXFileReference; lastKnownFileType = sourcecode.swift; path = MainViewController.swift; sourceTree = "<group>"; };
		CFE1658E1B393B30006CEAE6 /* Base */ = {isa = PBXFileReference; lastKnownFileType = file.storyboard; name = Base; path = Base.lproj/Main.storyboard; sourceTree = "<group>"; };
		CFE165901B393B30006CEAE6 /* Images.xcassets */ = {isa = PBXFileReference; lastKnownFileType = folder.assetcatalog; path = Images.xcassets; sourceTree = "<group>"; };
		CFE165931B393B30006CEAE6 /* Base */ = {isa = PBXFileReference; lastKnownFileType = file.xib; name = Base; path = Base.lproj/LaunchScreen.xib; sourceTree = "<group>"; };
		CFE165991B393B30006CEAE6 /* AnimationTransitionTests.xctest */ = {isa = PBXFileReference; explicitFileType = wrapper.cfbundle; includeInIndex = 0; path = AnimationTransitionTests.xctest; sourceTree = BUILT_PRODUCTS_DIR; };
		CFE1659E1B393B30006CEAE6 /* Info.plist */ = {isa = PBXFileReference; lastKnownFileType = text.plist.xml; path = Info.plist; sourceTree = "<group>"; };
		CFE1659F1B393B30006CEAE6 /* AnimationTransitionTests.swift */ = {isa = PBXFileReference; lastKnownFileType = sourcecode.swift; path = AnimationTransitionTests.swift; sourceTree = "<group>"; };
/* End PBXFileReference section */

/* Begin PBXFrameworksBuildPhase section */
		CFE165811B393B30006CEAE6 /* Frameworks */ = {
			isa = PBXFrameworksBuildPhase;
			buildActionMask = 2147483647;
			files = (
			);
			runOnlyForDeploymentPostprocessing = 0;
		};
		CFE165961B393B30006CEAE6 /* Frameworks */ = {
			isa = PBXFrameworksBuildPhase;
			buildActionMask = 2147483647;
			files = (
			);
			runOnlyForDeploymentPostprocessing = 0;
		};
/* End PBXFrameworksBuildPhase section */

/* Begin PBXGroup section */
		CFE1657B1B393B30006CEAE6 = {
			isa = PBXGroup;
			children = (
				CFE165861B393B30006CEAE6 /* AnimationTransition */,
				CFE1659C1B393B30006CEAE6 /* AnimationTransitionTests */,
				CFE165851B393B30006CEAE6 /* Products */,
			);
			sourceTree = "<group>";
		};
		CFE165851B393B30006CEAE6 /* Products */ = {
			isa = PBXGroup;
			children = (
				CFE165841B393B30006CEAE6 /* AnimationTransition.app */,
				CFE165991B393B30006CEAE6 /* AnimationTransitionTests.xctest */,
			);
			name = Products;
			sourceTree = "<group>";
		};
		CFE165861B393B30006CEAE6 /* AnimationTransition */ = {
			isa = PBXGroup;
			children = (
				CFE165891B393B30006CEAE6 /* AppDelegate.swift */,
				CFE1658B1B393B30006CEAE6 /* MainViewController.swift */,
				CFE1658D1B393B30006CEAE6 /* Main.storyboard */,
				CFE165901B393B30006CEAE6 /* Images.xcassets */,
				CFE165921B393B30006CEAE6 /* LaunchScreen.xib */,
				CFE165871B393B30006CEAE6 /* Supporting Files */,
			);
			path = AnimationTransition;
			sourceTree = "<group>";
		};
		CFE165871B393B30006CEAE6 /* Supporting Files */ = {
			isa = PBXGroup;
			children = (
				CFE165881B393B30006CEAE6 /* Info.plist */,
			);
			name = "Supporting Files";
			sourceTree = "<group>";
		};
		CFE1659C1B393B30006CEAE6 /* AnimationTransitionTests */ = {
			isa = PBXGroup;
			children = (
				CFE1659F1B393B30006CEAE6 /* AnimationTransitionTests.swift */,
				CFE1659D1B393B30006CEAE6 /* Supporting Files */,
			);
			path = AnimationTransitionTests;
			sourceTree = "<group>";
		};
		CFE1659D1B393B30006CEAE6 /* Supporting Files */ = {
			isa = PBXGroup;
			children = (
				CFE1659E1B393B30006CEAE6 /* Info.plist */,
			);
			name = "Supporting Files";
			sourceTree = "<group>";
		};
/* End PBXGroup section */

/* Begin PBXNativeTarget section */
		CFE165831B393B30006CEAE6 /* AnimationTransition */ = {
			isa = PBXNativeTarget;
			buildConfigurationList = CFE165A31B393B30006CEAE6 /* Build configuration list for PBXNativeTarget "AnimationTransition" */;
			buildPhases = (
				CFE165801B393B30006CEAE6 /* Sources */,
				CFE165811B393B30006CEAE6 /* Frameworks */,
				CFE165821B393B30006CEAE6 /* Resources */,
			);
			buildRules = (
			);
			dependencies = (
			);
			name = AnimationTransition;
			productName = AnimationTransition;
			productReference = CFE165841B393B30006CEAE6 /* AnimationTransition.app */;
			productType = "com.apple.product-type.application";
		};
		CFE165981B393B30006CEAE6 /* AnimationTransitionTests */ = {
			isa = PBXNativeTarget;
			buildConfigurationList = CFE165A61B393B30006CEAE6 /* Build configuration list for PBXNativeTarget "AnimationTransitionTests" */;
			buildPhases = (
				CFE165951B393B30006CEAE6 /* Sources */,
				CFE165961B393B30006CEAE6 /* Frameworks */,
				CFE165971B393B30006CEAE6 /* Resources */,
			);
			buildRules = (
			);
			dependencies = (
				CFE1659B1B393B30006CEAE6 /* PBXTargetDependency */,
			);
			name = AnimationTransitionTests;
			productName = AnimationTransitionTests;
			productReference = CFE165991B393B30006CEAE6 /* AnimationTransitionTests.xctest */;
			productType = "com.apple.product-type.bundle.unit-test";
		};
/* End PBXNativeTarget section */

/* Begin PBXProject section */
		CFE1657C1B393B30006CEAE6 /* Project object */ = {
			isa = PBXProject;
			attributes = {
				LastUpgradeCheck = 0630;
				ORGANIZATIONNAME = PoWWaU;
				TargetAttributes = {
					CFE165831B393B30006CEAE6 = {
						CreatedOnToolsVersion = 6.3.2;
					};
					CFE165981B393B30006CEAE6 = {
						CreatedOnToolsVersion = 6.3.2;
						TestTargetID = CFE165831B393B30006CEAE6;
					};
				};
			};
			buildConfigurationList = CFE1657F1B393B30006CEAE6 /* Build configuration list for PBXProject "AnimationTransition" */;
			compatibilityVersion = "Xcode 3.2";
			developmentRegion = English;
			hasScannedForEncodings = 0;
			knownRegions = (
				en,
				Base,
			);
			mainGroup = CFE1657B1B393B30006CEAE6;
			productRefGroup = CFE165851B393B30006CEAE6 /* Products */;
			projectDirPath = "";
			projectRoot = "";
			targets = (
				CFE165831B393B30006CEAE6 /* AnimationTransition */,
				CFE165981B393B30006CEAE6 /* AnimationTransitionTests */,
			);
		};
/* End PBXProject section */

/* Begin PBXResourcesBuildPhase section */
		CFE165821B393B30006CEAE6 /* Resources */ = {
			isa = PBXResourcesBuildPhase;
			buildActionMask = 2147483647;
			files = (
				CFE1658F1B393B30006CEAE6 /* Main.storyboard in Resources */,
				CFE165941B393B30006CEAE6 /* LaunchScreen.xib in Resources */,
				CFE165911B393B30006CEAE6 /* Images.xcassets in Resources */,
			);
			runOnlyForDeploymentPostprocessing = 0;
		};
		CFE165971B393B30006CEAE6 /* Resources */ = {
			isa = PBXResourcesBuildPhase;
			buildActionMask = 2147483647;
			files = (
			);
			runOnlyForDeploymentPostprocessing = 0;
		};
/* End PBXResourcesBuildPhase section */

/* Begin PBXSourcesBuildPhase section */
		CFE165801B393B30006CEAE6 /* Sources */ = {
			isa = PBXSourcesBuildPhase;
			buildActionMask = 2147483647;
			files = (
				CFE1658C1B393B30006CEAE6 /* MainViewController.swift in Sources */,
				CFE1658A1B393B30006CEAE6 /* AppDelegate.swift in Sources */,
			);
			runOnlyForDeploymentPostprocessing = 0;
		};
		CFE165951B393B30006CEAE6 /* Sources */ = {
			isa = PBXSourcesBuildPhase;
			buildActionMask = 2147483647;
			files = (
				CFE165A01B393B30006CEAE6 /* AnimationTransitionTests.swift in Sources */,
			);
			runOnlyForDeploymentPostprocessing = 0;
		};
/* End PBXSourcesBuildPhase section */

/* Begin PBXTargetDependency section */
		CFE1659B1B393B30006CEAE6 /* PBXTargetDependency */ = {
			isa = PBXTargetDependency;
			target = CFE165831B393B30006CEAE6 /* AnimationTransition */;
			targetProxy = CFE1659A1B393B30006CEAE6 /* PBXContainerItemProxy */;
		};
/* End PBXTargetDependency section */

/* Begin PBXVariantGroup section */
		CFE1658D1B393B30006CEAE6 /* Main.storyboard */ = {
			isa = PBXVariantGroup;
			children = (
				CFE1658E1B393B30006CEAE6 /* Base */,
			);
			name = Main.storyboard;
			sourceTree = "<group>";
		};
		CFE165921B393B30006CEAE6 /* LaunchScreen.xib */ = {
			isa = PBXVariantGroup;
			children = (
				CFE165931B393B30006CEAE6 /* Base */,
			);
			name = LaunchScreen.xib;
			sourceTree = "<group>";
		};
/* End PBXVariantGroup section */

/* Begin XCBuildConfiguration section */
		CFE165A11B393B30006CEAE6 /* Debug */ = {
			isa = XCBuildConfiguration;
			buildSettings = {
				ALWAYS_SEARCH_USER_PATHS = NO;
				CLANG_CXX_LANGUAGE_STANDARD = "gnu++0x";
				CLANG_CXX_LIBRARY = "libc++";
				CLANG_ENABLE_MODULES = YES;
				CLANG_ENABLE_OBJC_ARC = YES;
				CLANG_WARN_BOOL_CONVERSION = YES;
				CLANG_WARN_CONSTANT_CONVERSION = YES;
				CLANG_WARN_DIRECT_OBJC_ISA_USAGE = YES_ERROR;
				CLANG_WARN_EMPTY_BODY = YES;
				CLANG_WARN_ENUM_CONVERSION = YES;
				CLANG_WARN_INT_CONVERSION = YES;
				CLANG_WARN_OBJC_ROOT_CLASS = YES_ERROR;
				CLANG_WARN_UNREACHABLE_CODE = YES;
				CLANG_WARN__DUPLICATE_METHOD_MATCH = YES;
				"CODE_SIGN_IDENTITY[sdk=iphoneos*]" = "iPhone Developer";
				COPY_PHASE_STRIP = NO;
				DEBUG_INFORMATION_FORMAT = "dwarf-with-dsym";
				ENABLE_STRICT_OBJC_MSGSEND = YES;
				GCC_C_LANGUAGE_STANDARD = gnu99;
				GCC_DYNAMIC_NO_PIC = NO;
				GCC_NO_COMMON_BLOCKS = YES;
				GCC_OPTIMIZATION_LEVEL = 0;
				GCC_PREPROCESSOR_DEFINITIONS = (
					"DEBUG=1",
					"$(inherited)",
				);
				GCC_SYMBOLS_PRIVATE_EXTERN = NO;
				GCC_WARN_64_TO_32_BIT_CONVERSION = YES;
				GCC_WARN_ABOUT_RETURN_TYPE = YES_ERROR;
				GCC_WARN_UNDECLARED_SELECTOR = YES;
				GCC_WARN_UNINITIALIZED_AUTOS = YES_AGGRESSIVE;
				GCC_WARN_UNUSED_FUNCTION = YES;
				GCC_WARN_UNUSED_VARIABLE = YES;
				IPHONEOS_DEPLOYMENT_TARGET = 8.3;
				MTL_ENABLE_DEBUG_INFO = YES;
				ONLY_ACTIVE_ARCH = YES;
				SDKROOT = iphoneos;
				SWIFT_OPTIMIZATION_LEVEL = "-Onone";
				TARGETED_DEVICE_FAMILY = "1,2";
			};
			name = Debug;
		};
		CFE165A21B393B30006CEAE6 /* Release */ = {
			isa = XCBuildConfiguration;
			buildSettings = {
				ALWAYS_SEARCH_USER_PATHS = NO;
				CLANG_CXX_LANGUAGE_STANDARD = "gnu++0x";
				CLANG_CXX_LIBRARY = "libc++";
				CLANG_ENABLE_MODULES = YES;
				CLANG_ENABLE_OBJC_ARC = YES;
				CLANG_WARN_BOOL_CONVERSION = YES;
				CLANG_WARN_CONSTANT_CONVERSION = YES;
				CLANG_WARN_DIRECT_OBJC_ISA_USAGE = YES_ERROR;
				CLANG_WARN_EMPTY_BODY = YES;
				CLANG_WARN_ENUM_CONVERSION = YES;
				CLANG_WARN_INT_CONVERSION = YES;
				CLANG_WARN_OBJC_ROOT_CLASS = YES_ERROR;
				CLANG_WARN_UNREACHABLE_CODE = YES;
				CLANG_WARN__DUPLICATE_METHOD_MATCH = YES;
				"CODE_SIGN_IDENTITY[sdk=iphoneos*]" = "iPhone Developer";
				COPY_PHASE_STRIP = NO;
				DEBUG_INFORMATION_FORMAT = "dwarf-with-dsym";
				ENABLE_NS_ASSERTIONS = NO;
				ENABLE_STRICT_OBJC_MSGSEND = YES;
				GCC_C_LANGUAGE_STANDARD = gnu99;
				GCC_NO_COMMON_BLOCKS = YES;
				GCC_WARN_64_TO_32_BIT_CONVERSION = YES;
				GCC_WARN_ABOUT_RETURN_TYPE = YES_ERROR;
				GCC_WARN_UNDECLARED_SELECTOR = YES;
				GCC_WARN_UNINITIALIZED_AUTOS = YES_AGGRESSIVE;
				GCC_WARN_UNUSED_FUNCTION = YES;
				GCC_WARN_UNUSED_VARIABLE = YES;
				IPHONEOS_DEPLOYMENT_TARGET = 8.3;
				MTL_ENABLE_DEBUG_INFO = NO;
				SDKROOT = iphoneos;
				TARGETED_DEVICE_FAMILY = "1,2";
				VALIDATE_PRODUCT = YES;
			};
			name = Release;
		};
		CFE165A41B393B30006CEAE6 /* Debug */ = {
			isa = XCBuildConfiguration;
			buildSettings = {
				ASSETCATALOG_COMPILER_APPICON_NAME = AppIcon;
				INFOPLIST_FILE = AnimationTransition/Info.plist;
				LD_RUNPATH_SEARCH_PATHS = "$(inherited) @executable_path/Frameworks";
				PRODUCT_NAME = "$(TARGET_NAME)";
			};
			name = Debug;
		};
		CFE165A51B393B30006CEAE6 /* Release */ = {
			isa = XCBuildConfiguration;
			buildSettings = {
				ASSETCATALOG_COMPILER_APPICON_NAME = AppIcon;
				INFOPLIST_FILE = AnimationTransition/Info.plist;
				LD_RUNPATH_SEARCH_PATHS = "$(inherited) @executable_path/Frameworks";
				PRODUCT_NAME = "$(TARGET_NAME)";
			};
			name = Release;
		};
		CFE165A71B393B30006CEAE6 /* Debug */ = {
			isa = XCBuildConfiguration;
			buildSettings = {
				BUNDLE_LOADER = "$(TEST_HOST)";
				FRAMEWORK_SEARCH_PATHS = (
					"$(SDKROOT)/Developer/Library/Frameworks",
					"$(inherited)",
				);
				GCC_PREPROCESSOR_DEFINITIONS = (
					"DEBUG=1",
					"$(inherited)",
				);
				INFOPLIST_FILE = AnimationTransitionTests/Info.plist;
				LD_RUNPATH_SEARCH_PATHS = "$(inherited) @executable_path/Frameworks @loader_path/Frameworks";
				PRODUCT_NAME = "$(TARGET_NAME)";
				TEST_HOST = "$(BUILT_PRODUCTS_DIR)/AnimationTransition.app/AnimationTransition";
			};
			name = Debug;
		};
		CFE165A81B393B30006CEAE6 /* Release */ = {
			isa = XCBuildConfiguration;
			buildSettings = {
				BUNDLE_LOADER = "$(TEST_HOST)";
				FRAMEWORK_SEARCH_PATHS = (
					"$(SDKROOT)/Developer/Library/Frameworks",
					"$(inherited)",
				);
				INFOPLIST_FILE = AnimationTransitionTests/Info.plist;
				LD_RUNPATH_SEARCH_PATHS = "$(inherited) @executable_path/Frameworks @loader_path/Frameworks";
				PRODUCT_NAME = "$(TARGET_NAME)";
				TEST_HOST = "$(BUILT_PRODUCTS_DIR)/AnimationTransition.app/AnimationTransition";
			};
			name = Release;
		};
/* End XCBuildConfiguration section */

/* Begin XCConfigurationList section */
		CFE1657F1B393B30006CEAE6 /* Build configuration list for PBXProject "AnimationTransition" */ = {
			isa = XCConfigurationList;
			buildConfigurations = (
				CFE165A11B393B30006CEAE6 /* Debug */,
				CFE165A21B393B30006CEAE6 /* Release */,
			);
			defaultConfigurationIsVisible = 0;
			defaultConfigurationName = Release;
		};
		CFE165A31B393B30006CEAE6 /* Build configuration list for PBXNativeTarget "AnimationTransition" */ = {
			isa = XCConfigurationList;
			buildConfigurations = (
				CFE165A41B393B30006CEAE6 /* Debug */,
				CFE165A51B393B30006CEAE6 /* Release */,
			);
			defaultConfigurationIsVisible = 0;
		};
		CFE165A61B393B30006CEAE6 /* Build configuration list for PBXNativeTarget "AnimationTransitionTests" */ = {
			isa = XCConfigurationList;
			buildConfigurations = (
				CFE165A71B393B30006CEAE6 /* Debug */,
				CFE165A81B393B30006CEAE6 /* Release */,
			);
			defaultConfigurationIsVisible = 0;
		};
/* End XCConfigurationList section */
	};
	rootObject = CFE1657C1B393B30006CEAE6 /* Project object */;
}
